Microsoft Visual Studio Solution File, Format Version 12.00
# Visual Studio Version 17
VisualStudioVersion = 17.0.31903.59
MinimumVisualStudioVersion = 10.0.40219.1
Project("{FAE04EC0-301F-11D3-BF4B-00C04F79EFBC}") = "DineCue.Domain", "DineCue.Domain\DineCue.Domain.csproj", "{4C0F78D8-2E85-4D60-A9D9-01A9508E6A01}"
EndProject
Project("{FAE04EC0-301F-11D3-BF4B-00C04F79EFBC}") = "DineCue.Application", "DineCue.Application\DineCue.Application.csproj", "{4DA68A78-69EA-42EE-9AF7-6BA5C9F7B3E6}"
EndProject
Project("{FAE04EC0-301F-11D3-BF4B-00C04F79EFBC}") = "DineCue.Infrastructure", "DineCue.Infrastructure\DineCue.Infrastructure.csproj", "{A9326F32-F879-495A-B247-98DF4F18A9A5}"
EndProject
Project("{FAE04EC0-301F-11D3-BF4B-00C04F79EFBC}") = "DineCue.Api", "DineCue.Api\DineCue.Api.csproj", "{213E0799-A567-4BA8-9A48-C78BBE2D70E4}"
EndProject
Project("{FAE04EC0-301F-11D3-BF4B-00C04F79EFBC}") = "DineCue.Tests", "DineCue.Tests\DineCue.Tests.csproj", "{138E5418-9A18-4471-9960-A93D33A8D5E3}"
EndProject
Global
	GlobalSection(SolutionConfigurationPlatforms) = preSolution
		Debug|Any CPU = Debug|Any CPU
		Release|Any CPU = Release|Any CPU
	EndGlobalSection
	GlobalSection(ProjectConfigurationPlatforms) = postSolution
		{4C0F78D8-2E85-4D60-A9D9-01A9508E6A01}.Debug|Any CPU.ActiveCfg = Debug|Any CPU
		{4C0F78D8-2E85-4D60-A9D9-01A9508E6A01}.Debug|Any CPU.Build.0 = Debug|Any CPU
		{4C0F78D8-2E85-4D60-A9D9-01A9508E6A01}.Release|Any CPU.ActiveCfg = Release|Any CPU
		{4C0F78D8-2E85-4D60-A9D9-01A9508E6A01}.Release|Any CPU.Build.0 = Release|Any CPU
		{4DA68A78-69EA-42EE-9AF7-6BA5C9F7B3E6}.Debug|Any CPU.ActiveCfg = Debug|Any CPU
		{4DA68A78-69EA-42EE-9AF7-6BA5C9F7B3E6}.Debug|Any CPU.Build.0 = Debug|Any CPU
		{4DA68A78-69EA-42EE-9AF7-6BA5C9F7B3E6}.Release|Any CPU.ActiveCfg = Release|Any CPU
		{4DA68A78-69EA-42EE-9AF7-6BA5C9F7B3E6}.Release|Any CPU.Build.0 = Release|Any CPU
		{A9326F32-F879-495A-B247-98DF4F18A9A5}.Debug|Any CPU.ActiveCfg = Debug|Any CPU
		{A9326F32-F879-495A-B247-98DF4F18A9A5}.Debug|Any CPU.Build.0 = Debug|Any CPU
		{A9326F32-F879-495A-B247-98DF4F18A9A5}.Release|Any CPU.ActiveCfg = Release|Any CPU
		{A9326F32-F879-495A-B247-98DF4F18A9A5}.Release|Any CPU.Build.0 = Release|Any CPU
		{213E0799-A567-4BA8-9A48-C78BBE2D70E4}.Debug|Any CPU.ActiveCfg = Debug|Any CPU
		{213E0799-A567-4BA8-9A48-C78BBE2D70E4}.Debug|Any CPU.Build.0 = Debug|Any CPU
		{213E0799-A567-4BA8-9A48-C78BBE2D70E4}.Release|Any CPU.ActiveCfg = Release|Any CPU
		{213E0799-A567-4BA8-9A48-C78BBE2D70E4}.Release|Any CPU.Build.0 = Release|Any CPU
		{138E5418-9A18-4471-9960-A93D33A8D5E3}.Debug|Any CPU.ActiveCfg = Debug|Any CPU
		{138E5418-9A18-4471-9960-A93D33A8D5E3}.Debug|Any CPU.Build.0 = Debug|Any CPU
		{138E5418-9A18-4471-9960-A93D33A8D5E3}.Release|Any CPU.ActiveCfg = Release|Any CPU
		{138E5418-9A18-4471-9960-A93D33A8D5E3}.Release|Any CPU.Build.0 = Release|Any CPU
	EndGlobalSection
	GlobalSection(SolutionProperties) = preSolution
		HideSolutionNode = FALSE
	EndGlobalSection
EndGlobal
